
Microsoft Visual Studio Solution File, Format Version 12.00
# Visual Studio Version 17
VisualStudioVersion = 17.8.34330.188
MinimumVisualStudioVersion = 10.0.40219.1
Project("{FAE04EC0-301F-11D3-BF4B-00C04F79EFBC}") = "ШАГ 30.01", "ШАГ 30.01\ШАГ 30.01.csproj", "{24899A0A-6DDA-4BDA-84B2-B6850AC4B4EE}"
EndProject
Global
	GlobalSection(SolutionConfigurationPlatforms) = preSolution
		Debug|Any CPU = Debug|Any CPU
		Release|Any CPU = Release|Any CPU
	EndGlobalSection
	GlobalSection(ProjectConfigurationPlatforms) = postSolution
		{24899A0A-6DDA-4BDA-84B2-B6850AC4B4EE}.Debug|Any CPU.ActiveCfg = Debug|Any CPU
		{24899A0A-6DDA-4BDA-84B2-B6850AC4B4EE}.Debug|Any CPU.Build.0 = Debug|Any CPU
		{24899A0A-6DDA-4BDA-84B2-B6850AC4B4EE}.Release|Any CPU.ActiveCfg = Release|Any CPU
		{24899A0A-6DDA-4BDA-84B2-B6850AC4B4EE}.Release|Any CPU.Build.0 = Release|Any CPU
	EndGlobalSection
	GlobalSection(SolutionProperties) = preSolution
		HideSolutionNode = FALSE
	EndGlobalSection
	GlobalSection(ExtensibilityGlobals) = postSolution
		SolutionGuid = {074A7B7B-F329-4266-B35E-977F15FD4AFB}
	EndGlobalSection
EndGlobal
