
Microsoft Visual Studio Solution File, Format Version 12.00
# Visual Studio Version 17
VisualStudioVersion = 17.8.34330.188
MinimumVisualStudioVersion = 10.0.40219.1
Project("{FAE04EC0-301F-11D3-BF4B-00C04F79EFBC}") = "ШАГ 25.01", "ШАГ 25.01\ШАГ 25.01.csproj", "{EA14AF69-89E9-42F2-ADA5-4D5E9F561A3A}"
EndProject
Global
	GlobalSection(SolutionConfigurationPlatforms) = preSolution
		Debug|Any CPU = Debug|Any CPU
		Release|Any CPU = Release|Any CPU
	EndGlobalSection
	GlobalSection(ProjectConfigurationPlatforms) = postSolution
		{EA14AF69-89E9-42F2-ADA5-4D5E9F561A3A}.Debug|Any CPU.ActiveCfg = Debug|Any CPU
		{EA14AF69-89E9-42F2-ADA5-4D5E9F561A3A}.Debug|Any CPU.Build.0 = Debug|Any CPU
		{EA14AF69-89E9-42F2-ADA5-4D5E9F561A3A}.Release|Any CPU.ActiveCfg = Release|Any CPU
		{EA14AF69-89E9-42F2-ADA5-4D5E9F561A3A}.Release|Any CPU.Build.0 = Release|Any CPU
	EndGlobalSection
	GlobalSection(SolutionProperties) = preSolution
		HideSolutionNode = FALSE
	EndGlobalSection
	GlobalSection(ExtensibilityGlobals) = postSolution
		SolutionGuid = {510C6A21-2C27-48EA-B77B-20E8108DCABA}
	EndGlobalSection
EndGlobal
