
Microsoft Visual Studio Solution File, Format Version 12.00
# Visual Studio Version 17
VisualStudioVersion = 17.8.34330.188
MinimumVisualStudioVersion = 10.0.40219.1
Project("{FAE04EC0-301F-11D3-BF4B-00C04F79EFBC}") = "DZ 11.06", "DZ 11.06\DZ 11.06.csproj", "{874C0014-32BD-486C-A274-4B0C50314713}"
EndProject
Global
	GlobalSection(SolutionConfigurationPlatforms) = preSolution
		Debug|Any CPU = Debug|Any CPU
		Release|Any CPU = Release|Any CPU
	EndGlobalSection
	GlobalSection(ProjectConfigurationPlatforms) = postSolution
		{874C0014-32BD-486C-A274-4B0C50314713}.Debug|Any CPU.ActiveCfg = Debug|Any CPU
		{874C0014-32BD-486C-A274-4B0C50314713}.Debug|Any CPU.Build.0 = Debug|Any CPU
		{874C0014-32BD-486C-A274-4B0C50314713}.Release|Any CPU.ActiveCfg = Release|Any CPU
		{874C0014-32BD-486C-A274-4B0C50314713}.Release|Any CPU.Build.0 = Release|Any CPU
	EndGlobalSection
	GlobalSection(SolutionProperties) = preSolution
		HideSolutionNode = FALSE
	EndGlobalSection
	GlobalSection(ExtensibilityGlobals) = postSolution
		SolutionGuid = {D0F187E9-858E-4DE9-B9D3-998A3F8DED9A}
	EndGlobalSection
EndGlobal
