
Microsoft Visual Studio Solution File, Format Version 12.00
# Visual Studio Version 17
VisualStudioVersion = 17.8.34330.188
MinimumVisualStudioVersion = 10.0.40219.1
Project("{FAE04EC0-301F-11D3-BF4B-00C04F79EFBC}") = "ШАГ 04.03.2024", "ШАГ 04.03.2024\ШАГ 04.03.2024.csproj", "{2B403257-62E2-4044-95B4-8ED19D53BC8C}"
EndProject
Global
	GlobalSection(SolutionConfigurationPlatforms) = preSolution
		Debug|Any CPU = Debug|Any CPU
		Release|Any CPU = Release|Any CPU
	EndGlobalSection
	GlobalSection(ProjectConfigurationPlatforms) = postSolution
		{2B403257-62E2-4044-95B4-8ED19D53BC8C}.Debug|Any CPU.ActiveCfg = Debug|Any CPU
		{2B403257-62E2-4044-95B4-8ED19D53BC8C}.Debug|Any CPU.Build.0 = Debug|Any CPU
		{2B403257-62E2-4044-95B4-8ED19D53BC8C}.Release|Any CPU.ActiveCfg = Release|Any CPU
		{2B403257-62E2-4044-95B4-8ED19D53BC8C}.Release|Any CPU.Build.0 = Release|Any CPU
	EndGlobalSection
	GlobalSection(SolutionProperties) = preSolution
		HideSolutionNode = FALSE
	EndGlobalSection
	GlobalSection(ExtensibilityGlobals) = postSolution
		SolutionGuid = {1D18B31E-31AE-4CED-BB0D-85D9E95FA2D1}
	EndGlobalSection
EndGlobal
