
Microsoft Visual Studio Solution File, Format Version 12.00
# Visual Studio Version 17
VisualStudioVersion = 17.8.34330.188
MinimumVisualStudioVersion = 10.0.40219.1
Project("{FAE04EC0-301F-11D3-BF4B-00C04F79EFBC}") = "Animation", "Animation\Animation.csproj", "{A6C8AAA6-9385-4996-9187-3252663E8DC8}"
EndProject
Global
	GlobalSection(SolutionConfigurationPlatforms) = preSolution
		Debug|Any CPU = Debug|Any CPU
		Release|Any CPU = Release|Any CPU
	EndGlobalSection
	GlobalSection(ProjectConfigurationPlatforms) = postSolution
		{A6C8AAA6-9385-4996-9187-3252663E8DC8}.Debug|Any CPU.ActiveCfg = Debug|Any CPU
		{A6C8AAA6-9385-4996-9187-3252663E8DC8}.Debug|Any CPU.Build.0 = Debug|Any CPU
		{A6C8AAA6-9385-4996-9187-3252663E8DC8}.Release|Any CPU.ActiveCfg = Release|Any CPU
		{A6C8AAA6-9385-4996-9187-3252663E8DC8}.Release|Any CPU.Build.0 = Release|Any CPU
	EndGlobalSection
	GlobalSection(SolutionProperties) = preSolution
		HideSolutionNode = FALSE
	EndGlobalSection
	GlobalSection(ExtensibilityGlobals) = postSolution
		SolutionGuid = {66D0CEEF-890C-4612-993A-6C08F61357FB}
	EndGlobalSection
EndGlobal
