
Microsoft Visual Studio Solution File, Format Version 12.00
# Visual Studio Version 17
VisualStudioVersion = 17.8.34330.188
MinimumVisualStudioVersion = 10.0.40219.1
Project("{FAE04EC0-301F-11D3-BF4B-00C04F79EFBC}") = "ШАГ 18.01.24", "ШАГ 18.01.24\ШАГ 18.01.24.csproj", "{4A5A603D-9739-4842-A6A7-D801E35741A6}"
EndProject
Global
	GlobalSection(SolutionConfigurationPlatforms) = preSolution
		Debug|Any CPU = Debug|Any CPU
		Release|Any CPU = Release|Any CPU
	EndGlobalSection
	GlobalSection(ProjectConfigurationPlatforms) = postSolution
		{4A5A603D-9739-4842-A6A7-D801E35741A6}.Debug|Any CPU.ActiveCfg = Debug|Any CPU
		{4A5A603D-9739-4842-A6A7-D801E35741A6}.Debug|Any CPU.Build.0 = Debug|Any CPU
		{4A5A603D-9739-4842-A6A7-D801E35741A6}.Release|Any CPU.ActiveCfg = Release|Any CPU
		{4A5A603D-9739-4842-A6A7-D801E35741A6}.Release|Any CPU.Build.0 = Release|Any CPU
	EndGlobalSection
	GlobalSection(SolutionProperties) = preSolution
		HideSolutionNode = FALSE
	EndGlobalSection
	GlobalSection(ExtensibilityGlobals) = postSolution
		SolutionGuid = {53C0A82B-A05A-4422-8EC9-2E8639F5A493}
	EndGlobalSection
EndGlobal
