
Microsoft Visual Studio Solution File, Format Version 12.00
# Visual Studio Version 17
VisualStudioVersion = 17.8.34330.188
MinimumVisualStudioVersion = 10.0.40219.1
Project("{FAE04EC0-301F-11D3-BF4B-00C04F79EFBC}") = "ШАГ 08.02.24", "ШАГ 08.02.24\ШАГ 08.02.24.csproj", "{FBB29FFA-F348-4070-9631-8FDE73816EA7}"
EndProject
Global
	GlobalSection(SolutionConfigurationPlatforms) = preSolution
		Debug|Any CPU = Debug|Any CPU
		Release|Any CPU = Release|Any CPU
	EndGlobalSection
	GlobalSection(ProjectConfigurationPlatforms) = postSolution
		{FBB29FFA-F348-4070-9631-8FDE73816EA7}.Debug|Any CPU.ActiveCfg = Debug|Any CPU
		{FBB29FFA-F348-4070-9631-8FDE73816EA7}.Debug|Any CPU.Build.0 = Debug|Any CPU
		{FBB29FFA-F348-4070-9631-8FDE73816EA7}.Release|Any CPU.ActiveCfg = Release|Any CPU
		{FBB29FFA-F348-4070-9631-8FDE73816EA7}.Release|Any CPU.Build.0 = Release|Any CPU
	EndGlobalSection
	GlobalSection(SolutionProperties) = preSolution
		HideSolutionNode = FALSE
	EndGlobalSection
	GlobalSection(ExtensibilityGlobals) = postSolution
		SolutionGuid = {A35EC9D3-95F4-497A-B975-06E14A0DB1D8}
	EndGlobalSection
EndGlobal
