
Microsoft Visual Studio Solution File, Format Version 12.00
# Visual Studio Version 17
VisualStudioVersion = 17.8.34330.188
MinimumVisualStudioVersion = 10.0.40219.1
Project("{FAE04EC0-301F-11D3-BF4B-00C04F79EFBC}") = "ШАГ 26.03.24", "ШАГ 26.03.24\ШАГ 26.03.24.csproj", "{049988C9-9E87-4630-A2F2-894D305AA65F}"
EndProject
Global
	GlobalSection(SolutionConfigurationPlatforms) = preSolution
		Debug|Any CPU = Debug|Any CPU
		Release|Any CPU = Release|Any CPU
	EndGlobalSection
	GlobalSection(ProjectConfigurationPlatforms) = postSolution
		{049988C9-9E87-4630-A2F2-894D305AA65F}.Debug|Any CPU.ActiveCfg = Debug|Any CPU
		{049988C9-9E87-4630-A2F2-894D305AA65F}.Debug|Any CPU.Build.0 = Debug|Any CPU
		{049988C9-9E87-4630-A2F2-894D305AA65F}.Release|Any CPU.ActiveCfg = Release|Any CPU
		{049988C9-9E87-4630-A2F2-894D305AA65F}.Release|Any CPU.Build.0 = Release|Any CPU
	EndGlobalSection
	GlobalSection(SolutionProperties) = preSolution
		HideSolutionNode = FALSE
	EndGlobalSection
	GlobalSection(ExtensibilityGlobals) = postSolution
		SolutionGuid = {AEDBBAA2-8549-4FCB-AB64-F85CA0A96C6F}
	EndGlobalSection
EndGlobal
