
Microsoft Visual Studio Solution File, Format Version 12.00
# Visual Studio Version 17
VisualStudioVersion = 17.8.34330.188
MinimumVisualStudioVersion = 10.0.40219.1
Project("{FAE04EC0-301F-11D3-BF4B-00C04F79EFBC}") = "ШАГ 07.03.24", "ШАГ 07.03.24\ШАГ 07.03.24.csproj", "{C3497253-1C2F-4075-84DE-1E4FFA6FBF01}"
EndProject
Global
	GlobalSection(SolutionConfigurationPlatforms) = preSolution
		Debug|Any CPU = Debug|Any CPU
		Release|Any CPU = Release|Any CPU
	EndGlobalSection
	GlobalSection(ProjectConfigurationPlatforms) = postSolution
		{C3497253-1C2F-4075-84DE-1E4FFA6FBF01}.Debug|Any CPU.ActiveCfg = Debug|Any CPU
		{C3497253-1C2F-4075-84DE-1E4FFA6FBF01}.Debug|Any CPU.Build.0 = Debug|Any CPU
		{C3497253-1C2F-4075-84DE-1E4FFA6FBF01}.Release|Any CPU.ActiveCfg = Release|Any CPU
		{C3497253-1C2F-4075-84DE-1E4FFA6FBF01}.Release|Any CPU.Build.0 = Release|Any CPU
	EndGlobalSection
	GlobalSection(SolutionProperties) = preSolution
		HideSolutionNode = FALSE
	EndGlobalSection
	GlobalSection(ExtensibilityGlobals) = postSolution
		SolutionGuid = {AD937B0D-9079-45A0-99F9-BABE522DB69B}
	EndGlobalSection
EndGlobal
