
Microsoft Visual Studio Solution File, Format Version 12.00
# Visual Studio Version 17
VisualStudioVersion = 17.8.34330.188
MinimumVisualStudioVersion = 10.0.40219.1
Project("{FAE04EC0-301F-11D3-BF4B-00C04F79EFBC}") = "ШАГ 07.05.2024", "ШАГ 07.05.2024\ШАГ 07.05.2024.csproj", "{7CEE5975-169F-4525-846B-3D9B874B4367}"
EndProject
Global
	GlobalSection(SolutionConfigurationPlatforms) = preSolution
		Debug|Any CPU = Debug|Any CPU
		Release|Any CPU = Release|Any CPU
	EndGlobalSection
	GlobalSection(ProjectConfigurationPlatforms) = postSolution
		{7CEE5975-169F-4525-846B-3D9B874B4367}.Debug|Any CPU.ActiveCfg = Debug|Any CPU
		{7CEE5975-169F-4525-846B-3D9B874B4367}.Debug|Any CPU.Build.0 = Debug|Any CPU
		{7CEE5975-169F-4525-846B-3D9B874B4367}.Release|Any CPU.ActiveCfg = Release|Any CPU
		{7CEE5975-169F-4525-846B-3D9B874B4367}.Release|Any CPU.Build.0 = Release|Any CPU
	EndGlobalSection
	GlobalSection(SolutionProperties) = preSolution
		HideSolutionNode = FALSE
	EndGlobalSection
	GlobalSection(ExtensibilityGlobals) = postSolution
		SolutionGuid = {8A491FAC-37CE-4F9C-9D42-97933A44AB9A}
	EndGlobalSection
EndGlobal
